# This file is automatically @generated by Cargo.
# It is not intended for manual editing.
version = 4

[[package]]
name = "geo_distance"
version = "0.1.0"
source = "registry+https://github.com/rust-lang/crates.io-index"
checksum = "136e23f5f6ed771a653fda161947de24ee7583355f5b86867881917eb3f0833a"

[[package]]
name = "test_1"
version = "0.1.0"
dependencies = [
 "geo_distance",
]
